
Microsoft Visual Studio Solution File, Format Version 12.00
# Visual Studio Version 17
VisualStudioVersion = 17.4.33213.308
MinimumVisualStudioVersion = 10.0.40219.1
Project("{FAE04EC0-301F-11D3-BF4B-00C04F79EFBC}") = "Employee", "Employee\Employee.csproj", "{FBF86FFA-EF7A-49EC-809E-CCFB7F10D93B}"
EndProject
Global
	GlobalSection(SolutionConfigurationPlatforms) = preSolution
		Debug|Any CPU = Debug|Any CPU
		Release|Any CPU = Release|Any CPU
	EndGlobalSection
	GlobalSection(ProjectConfigurationPlatforms) = postSolution
		{FBF86FFA-EF7A-49EC-809E-CCFB7F10D93B}.Debug|Any CPU.ActiveCfg = Debug|Any CPU
		{FBF86FFA-EF7A-49EC-809E-CCFB7F10D93B}.Debug|Any CPU.Build.0 = Debug|Any CPU
		{FBF86FFA-EF7A-49EC-809E-CCFB7F10D93B}.Release|Any CPU.ActiveCfg = Release|Any CPU
		{FBF86FFA-EF7A-49EC-809E-CCFB7F10D93B}.Release|Any CPU.Build.0 = Release|Any CPU
	EndGlobalSection
	GlobalSection(SolutionProperties) = preSolution
		HideSolutionNode = FALSE
	EndGlobalSection
	GlobalSection(ExtensibilityGlobals) = postSolution
		SolutionGuid = {D435E646-9BBA-471A-91AC-9D1BAFD13D1F}
	EndGlobalSection
EndGlobal
